// !$*UTF8*$!
{
	archiveVersion = 1;
	classes = {
	};
	objectVersion = 50;
	objects = {

/* Begin PBXBuildFile section */
		885FA653250D1FFB00475E31 /* AppDelegate.swift in Sources */ = {isa = PBXBuildFile; fileRef = 885FA652250D1FFB00475E31 /* AppDelegate.swift */; };
		885FA655250D1FFB00475E31 /* SceneDelegate.swift in Sources */ = {isa = PBXBuildFile; fileRef = 885FA654250D1FFB00475E31 /* SceneDelegate.swift */; };
		885FA657250D1FFB00475E31 /* ContentView.swift in Sources */ = {isa = PBXBuildFile; fileRef = 885FA656250D1FFB00475E31 /* ContentView.swift */; };
		885FA659250D1FFD00475E31 /* Assets.xcassets in Resources */ = {isa = PBXBuildFile; fileRef = 885FA658250D1FFD00475E31 /* Assets.xcassets */; };
		885FA65C250D1FFD00475E31 /* Preview Assets.xcassets in Resources */ = {isa = PBXBuildFile; fileRef = 885FA65B250D1FFD00475E31 /* Preview Assets.xcassets */; };
		885FA65F250D1FFD00475E31 /* LaunchScreen.storyboard in Resources */ = {isa = PBXBuildFile; fileRef = 885FA65D250D1FFD00475E31 /* LaunchScreen.storyboard */; };
		885FA66A250D1FFD00475E31 /* searchWorkTests.swift in Sources */ = {isa = PBXBuildFile; fileRef = 885FA669250D1FFD00475E31 /* searchWorkTests.swift */; };
		885FA675250D1FFD00475E31 /* searchWorkUITests.swift in Sources */ = {isa = PBXBuildFile; fileRef = 885FA674250D1FFD00475E31 /* searchWorkUITests.swift */; };
		885FA687250E064200475E31 /* SearchVC.swift in Sources */ = {isa = PBXBuildFile; fileRef = 885FA686250E064200475E31 /* SearchVC.swift */; };
		885FA689250E716800475E31 /* DataModel.swift in Sources */ = {isa = PBXBuildFile; fileRef = 885FA688250E716800475E31 /* DataModel.swift */; };
/* End PBXBuildFile section */

/* Begin PBXContainerItemProxy section */
		885FA666250D1FFD00475E31 /* PBXContainerItemProxy */ = {
			isa = PBXContainerItemProxy;
			containerPortal = 885FA647250D1FFB00475E31 /* Project object */;
			proxyType = 1;
			remoteGlobalIDString = 885FA64E250D1FFB00475E31;
			remoteInfo = searchWork;
		};
		885FA671250D1FFD00475E31 /* PBXContainerItemProxy */ = {
			isa = PBXContainerItemProxy;
			containerPortal = 885FA647250D1FFB00475E31 /* Project object */;
			proxyType = 1;
			remoteGlobalIDString = 885FA64E250D1FFB00475E31;
			remoteInfo = searchWork;
		};
/* End PBXContainerItemProxy section */

/* Begin PBXFileReference section */
		885FA64F250D1FFB00475E31 /* searchWork.app */ = {isa = PBXFileReference; explicitFileType = wrapper.application; includeInIndex = 0; path = searchWork.app; sourceTree = BUILT_PRODUCTS_DIR; };
		885FA652250D1FFB00475E31 /* AppDelegate.swift */ = {isa = PBXFileReference; lastKnownFileType = sourcecode.swift; path = AppDelegate.swift; sourceTree = "<group>"; };
		885FA654250D1FFB00475E31 /* SceneDelegate.swift */ = {isa = PBXFileReference; lastKnownFileType = sourcecode.swift; path = SceneDelegate.swift; sourceTree = "<group>"; };
		885FA656250D1FFB00475E31 /* ContentView.swift */ = {isa = PBXFileReference; lastKnownFileType = sourcecode.swift; path = ContentView.swift; sourceTree = "<group>"; };
		885FA658250D1FFD00475E31 /* Assets.xcassets */ = {isa = PBXFileReference; lastKnownFileType = folder.assetcatalog; path = Assets.xcassets; sourceTree = "<group>"; };
		885FA65B250D1FFD00475E31 /* Preview Assets.xcassets */ = {isa = PBXFileReference; lastKnownFileType = folder.assetcatalog; path = "Preview Assets.xcassets"; sourceTree = "<group>"; };
		885FA65E250D1FFD00475E31 /* Base */ = {isa = PBXFileReference; lastKnownFileType = file.storyboard; name = Base; path = Base.lproj/LaunchScreen.storyboard; sourceTree = "<group>"; };
		885FA660250D1FFD00475E31 /* Info.plist */ = {isa = PBXFileReference; lastKnownFileType = text.plist.xml; path = Info.plist; sourceTree = "<group>"; };
		885FA665250D1FFD00475E31 /* searchWorkTests.xctest */ = {isa = PBXFileReference; explicitFileType = wrapper.cfbundle; includeInIndex = 0; path = searchWorkTests.xctest; sourceTree = BUILT_PRODUCTS_DIR; };
		885FA669250D1FFD00475E31 /* searchWorkTests.swift */ = {isa = PBXFileReference; lastKnownFileType = sourcecode.swift; path = searchWorkTests.swift; sourceTree = "<group>"; };
		885FA66B250D1FFD00475E31 /* Info.plist */ = {isa = PBXFileReference; lastKnownFileType = text.plist.xml; path = Info.plist; sourceTree = "<group>"; };
		885FA670250D1FFD00475E31 /* searchWorkUITests.xctest */ = {isa = PBXFileReference; explicitFileType = wrapper.cfbundle; includeInIndex = 0; path = searchWorkUITests.xctest; sourceTree = BUILT_PRODUCTS_DIR; };
		885FA674250D1FFD00475E31 /* searchWorkUITests.swift */ = {isa = PBXFileReference; lastKnownFileType = sourcecode.swift; path = searchWorkUITests.swift; sourceTree = "<group>"; };
		885FA676250D1FFD00475E31 /* Info.plist */ = {isa = PBXFileReference; lastKnownFileType = text.plist.xml; path = Info.plist; sourceTree = "<group>"; };
		885FA686250E064200475E31 /* SearchVC.swift */ = {isa = PBXFileReference; lastKnownFileType = sourcecode.swift; path = SearchVC.swift; sourceTree = "<group>"; };
		885FA688250E716800475E31 /* DataModel.swift */ = {isa = PBXFileReference; lastKnownFileType = sourcecode.swift; path = DataModel.swift; sourceTree = "<group>"; };
/* End PBXFileReference section */

/* Begin PBXFrameworksBuildPhase section */
		885FA64C250D1FFB00475E31 /* Frameworks */ = {
			isa = PBXFrameworksBuildPhase;
			buildActionMask = 2147483647;
			files = (
			);
			runOnlyForDeploymentPostprocessing = 0;
		};
		885FA662250D1FFD00475E31 /* Frameworks */ = {
			isa = PBXFrameworksBuildPhase;
			buildActionMask = 2147483647;
			files = (
			);
			runOnlyForDeploymentPostprocessing = 0;
		};
		885FA66D250D1FFD00475E31 /* Frameworks */ = {
			isa = PBXFrameworksBuildPhase;
			buildActionMask = 2147483647;
			files = (
			);
			runOnlyForDeploymentPostprocessing = 0;
		};
/* End PBXFrameworksBuildPhase section */

/* Begin PBXGroup section */
		885FA646250D1FFB00475E31 = {
			isa = PBXGroup;
			children = (
				885FA651250D1FFB00475E31 /* searchWork */,
				885FA668250D1FFD00475E31 /* searchWorkTests */,
				885FA673250D1FFD00475E31 /* searchWorkUITests */,
				885FA650250D1FFB00475E31 /* Products */,
			);
			sourceTree = "<group>";
		};
		885FA650250D1FFB00475E31 /* Products */ = {
			isa = PBXGroup;
			children = (
				885FA64F250D1FFB00475E31 /* searchWork.app */,
				885FA665250D1FFD00475E31 /* searchWorkTests.xctest */,
				885FA670250D1FFD00475E31 /* searchWorkUITests.xctest */,
			);
			name = Products;
			sourceTree = "<group>";
		};
		885FA651250D1FFB00475E31 /* searchWork */ = {
			isa = PBXGroup;
			children = (
				885FA652250D1FFB00475E31 /* AppDelegate.swift */,
				885FA654250D1FFB00475E31 /* SceneDelegate.swift */,
				885FA656250D1FFB00475E31 /* ContentView.swift */,
				885FA686250E064200475E31 /* SearchVC.swift */,
				885FA688250E716800475E31 /* DataModel.swift */,
				885FA658250D1FFD00475E31 /* Assets.xcassets */,
				885FA65D250D1FFD00475E31 /* LaunchScreen.storyboard */,
				885FA660250D1FFD00475E31 /* Info.plist */,
				885FA65A250D1FFD00475E31 /* Preview Content */,
			);
			path = searchWork;
			sourceTree = "<group>";
		};
		885FA65A250D1FFD00475E31 /* Preview Content */ = {
			isa = PBXGroup;
			children = (
				885FA65B250D1FFD00475E31 /* Preview Assets.xcassets */,
			);
			path = "Preview Content";
			sourceTree = "<group>";
		};
		885FA668250D1FFD00475E31 /* searchWorkTests */ = {
			isa = PBXGroup;
			children = (
				885FA669250D1FFD00475E31 /* searchWorkTests.swift */,
				885FA66B250D1FFD00475E31 /* Info.plist */,
			);
			path = searchWorkTests;
			sourceTree = "<group>";
		};
		885FA673250D1FFD00475E31 /* searchWorkUITests */ = {
			isa = PBXGroup;
			children = (
				885FA674250D1FFD00475E31 /* searchWorkUITests.swift */,
				885FA676250D1FFD00475E31 /* Info.plist */,
			);
			path = searchWorkUITests;
			sourceTree = "<group>";
		};
/* End PBXGroup section */

/* Begin PBXNativeTarget section */
		885FA64E250D1FFB00475E31 /* searchWork */ = {
			isa = PBXNativeTarget;
			buildConfigurationList = 885FA679250D1FFD00475E31 /* Build configuration list for PBXNativeTarget "searchWork" */;
			buildPhases = (
				885FA64B250D1FFB00475E31 /* Sources */,
				885FA64C250D1FFB00475E31 /* Frameworks */,
				885FA64D250D1FFB00475E31 /* Resources */,
			);
			buildRules = (
			);
			dependencies = (
			);
			name = searchWork;
			productName = searchWork;
			productReference = 885FA64F250D1FFB00475E31 /* searchWork.app */;
			productType = "com.apple.product-type.application";
		};
		885FA664250D1FFD00475E31 /* searchWorkTests */ = {
			isa = PBXNativeTarget;
			buildConfigurationList = 885FA67C250D1FFD00475E31 /* Build configuration list for PBXNativeTarget "searchWorkTests" */;
			buildPhases = (
				885FA661250D1FFD00475E31 /* Sources */,
				885FA662250D1FFD00475E31 /* Frameworks */,
				885FA663250D1FFD00475E31 /* Resources */,
			);
			buildRules = (
			);
			dependencies = (
				885FA667250D1FFD00475E31 /* PBXTargetDependency */,
			);
			name = searchWorkTests;
			productName = searchWorkTests;
			productReference = 885FA665250D1FFD00475E31 /* searchWorkTests.xctest */;
			productType = "com.apple.product-type.bundle.unit-test";
		};
		885FA66F250D1FFD00475E31 /* searchWorkUITests */ = {
			isa = PBXNativeTarget;
			buildConfigurationList = 885FA67F250D1FFD00475E31 /* Build configuration list for PBXNativeTarget "searchWorkUITests" */;
			buildPhases = (
				885FA66C250D1FFD00475E31 /* Sources */,
				885FA66D250D1FFD00475E31 /* Frameworks */,
				885FA66E250D1FFD00475E31 /* Resources */,
			);
			buildRules = (
			);
			dependencies = (
				885FA672250D1FFD00475E31 /* PBXTargetDependency */,
			);
			name = searchWorkUITests;
			productName = searchWorkUITests;
			productReference = 885FA670250D1FFD00475E31 /* searchWorkUITests.xctest */;
			productType = "com.apple.product-type.bundle.ui-testing";
		};
/* End PBXNativeTarget section */

/* Begin PBXProject section */
		885FA647250D1FFB00475E31 /* Project object */ = {
			isa = PBXProject;
			attributes = {
				LastSwiftUpdateCheck = 1170;
				LastUpgradeCheck = 1170;
				ORGANIZATIONNAME = wagn;
				TargetAttributes = {
					885FA64E250D1FFB00475E31 = {
						CreatedOnToolsVersion = 11.7;
					};
					885FA664250D1FFD00475E31 = {
						CreatedOnToolsVersion = 11.7;
						TestTargetID = 885FA64E250D1FFB00475E31;
					};
					885FA66F250D1FFD00475E31 = {
						CreatedOnToolsVersion = 11.7;
						TestTargetID = 885FA64E250D1FFB00475E31;
					};
				};
			};
			buildConfigurationList = 885FA64A250D1FFB00475E31 /* Build configuration list for PBXProject "searchWork" */;
			compatibilityVersion = "Xcode 9.3";
			developmentRegion = en;
			hasScannedForEncodings = 0;
			knownRegions = (
				en,
				Base,
			);
			mainGroup = 885FA646250D1FFB00475E31;
			productRefGroup = 885FA650250D1FFB00475E31 /* Products */;
			projectDirPath = "";
			projectRoot = "";
			targets = (
				885FA64E250D1FFB00475E31 /* searchWork */,
				885FA664250D1FFD00475E31 /* searchWorkTests */,
				885FA66F250D1FFD00475E31 /* searchWorkUITests */,
			);
		};
/* End PBXProject section */

/* Begin PBXResourcesBuildPhase section */
		885FA64D250D1FFB00475E31 /* Resources */ = {
			isa = PBXResourcesBuildPhase;
			buildActionMask = 2147483647;
			files = (
				885FA65F250D1FFD00475E31 /* LaunchScreen.storyboard in Resources */,
				885FA65C250D1FFD00475E31 /* Preview Assets.xcassets in Resources */,
				885FA659250D1FFD00475E31 /* Assets.xcassets in Resources */,
			);
			runOnlyForDeploymentPostprocessing = 0;
		};
		885FA663250D1FFD00475E31 /* Resources */ = {
			isa = PBXResourcesBuildPhase;
			buildActionMask = 2147483647;
			files = (
			);
			runOnlyForDeploymentPostprocessing = 0;
		};
		885FA66E250D1FFD00475E31 /* Resources */ = {
			isa = PBXResourcesBuildPhase;
			buildActionMask = 2147483647;
			files = (
			);
			runOnlyForDeploymentPostprocessing = 0;
		};
/* End PBXResourcesBuildPhase section */

/* Begin PBXSourcesBuildPhase section */
		885FA64B250D1FFB00475E31 /* Sources */ = {
			isa = PBXSourcesBuildPhase;
			buildActionMask = 2147483647;
			files = (
				885FA687250E064200475E31 /* SearchVC.swift in Sources */,
				885FA653250D1FFB00475E31 /* AppDelegate.swift in Sources */,
				885FA655250D1FFB00475E31 /* SceneDelegate.swift in Sources */,
				885FA657250D1FFB00475E31 /* ContentView.swift in Sources */,
				885FA689250E716800475E31 /* DataModel.swift in Sources */,
			);
			runOnlyForDeploymentPostprocessing = 0;
		};
		885FA661250D1FFD00475E31 /* Sources */ = {
			isa = PBXSourcesBuildPhase;
			buildActionMask = 2147483647;
			files = (
				885FA66A250D1FFD00475E31 /* searchWorkTests.swift in Sources */,
			);
			runOnlyForDeploymentPostprocessing = 0;
		};
		885FA66C250D1FFD00475E31 /* Sources */ = {
			isa = PBXSourcesBuildPhase;
			buildActionMask = 2147483647;
			files = (
				885FA675250D1FFD00475E31 /* searchWorkUITests.swift in Sources */,
			);
			runOnlyForDeploymentPostprocessing = 0;
		};
/* End PBXSourcesBuildPhase section */

/* Begin PBXTargetDependency section */
		885FA667250D1FFD00475E31 /* PBXTargetDependency */ = {
			isa = PBXTargetDependency;
			target = 885FA64E250D1FFB00475E31 /* searchWork */;
			targetProxy = 885FA666250D1FFD00475E31 /* PBXContainerItemProxy */;
		};
		885FA672250D1FFD00475E31 /* PBXTargetDependency */ = {
			isa = PBXTargetDependency;
			target = 885FA64E250D1FFB00475E31 /* searchWork */;
			targetProxy = 885FA671250D1FFD00475E31 /* PBXContainerItemProxy */;
		};
/* End PBXTargetDependency section */

/* Begin PBXVariantGroup section */
		885FA65D250D1FFD00475E31 /* LaunchScreen.storyboard */ = {
			isa = PBXVariantGroup;
			children = (
				885FA65E250D1FFD00475E31 /* Base */,
			);
			name = LaunchScreen.storyboard;
			sourceTree = "<group>";
		};
/* End PBXVariantGroup section */

/* Begin XCBuildConfiguration section */
		885FA677250D1FFD00475E31 /* Debug */ = {
			isa = XCBuildConfiguration;
			buildSettings = {
				ALWAYS_SEARCH_USER_PATHS = NO;
				CLANG_ANALYZER_NONNULL = YES;
				CLANG_ANALYZER_NUMBER_OBJECT_CONVERSION = YES_AGGRESSIVE;
				CLANG_CXX_LANGUAGE_STANDARD = "gnu++14";
				CLANG_CXX_LIBRARY = "libc++";
				CLANG_ENABLE_MODULES = YES;
				CLANG_ENABLE_OBJC_ARC = YES;
				CLANG_ENABLE_OBJC_WEAK = YES;
				CLANG_WARN_BLOCK_CAPTURE_AUTORELEASING = YES;
				CLANG_WARN_BOOL_CONVERSION = YES;
				CLANG_WARN_COMMA = YES;
				CLANG_WARN_CONSTANT_CONVERSION = YES;
				CLANG_WARN_DEPRECATED_OBJC_IMPLEMENTATIONS = YES;
				CLANG_WARN_DIRECT_OBJC_ISA_USAGE = YES_ERROR;
				CLANG_WARN_DOCUMENTATION_COMMENTS = YES;
				CLANG_WARN_EMPTY_BODY = YES;
				CLANG_WARN_ENUM_CONVERSION = YES;
				CLANG_WARN_INFINITE_RECURSION = YES;
				CLANG_WARN_INT_CONVERSION = YES;
				CLANG_WARN_NON_LITERAL_NULL_CONVERSION = YES;
				CLANG_WARN_OBJC_IMPLICIT_RETAIN_SELF = YES;
				CLANG_WARN_OBJC_LITERAL_CONVERSION = YES;
				CLANG_WARN_OBJC_ROOT_CLASS = YES_ERROR;
				CLANG_WARN_RANGE_LOOP_ANALYSIS = YES;
				CLANG_WARN_STRICT_PROTOTYPES = YES;
				CLANG_WARN_SUSPICIOUS_MOVE = YES;
				CLANG_WARN_UNGUARDED_AVAILABILITY = YES_AGGRESSIVE;
				CLANG_WARN_UNREACHABLE_CODE = YES;
				CLANG_WARN__DUPLICATE_METHOD_MATCH = YES;
				COPY_PHASE_STRIP = NO;
				DEBUG_INFORMATION_FORMAT = dwarf;
				ENABLE_STRICT_OBJC_MSGSEND = YES;
				ENABLE_TESTABILITY = YES;
				GCC_C_LANGUAGE_STANDARD = gnu11;
				GCC_DYNAMIC_NO_PIC = NO;
				GCC_NO_COMMON_BLOCKS = YES;
				GCC_OPTIMIZATION_LEVEL = 0;
				GCC_PREPROCESSOR_DEFINITIONS = (
					"DEBUG=1",
					"$(inherited)",
				);
				GCC_WARN_64_TO_32_BIT_CONVERSION = YES;
				GCC_WARN_ABOUT_RETURN_TYPE = YES_ERROR;
				GCC_WARN_UNDECLARED_SELECTOR = YES;
				GCC_WARN_UNINITIALIZED_AUTOS = YES_AGGRESSIVE;
				GCC_WARN_UNUSED_FUNCTION = YES;
				GCC_WARN_UNUSED_VARIABLE = YES;
				IPHONEOS_DEPLOYMENT_TARGET = 13.7;
				MTL_ENABLE_DEBUG_INFO = INCLUDE_SOURCE;
				MTL_FAST_MATH = YES;
				ONLY_ACTIVE_ARCH = YES;
				SDKROOT = iphoneos;
				SWIFT_ACTIVE_COMPILATION_CONDITIONS = DEBUG;
				SWIFT_OPTIMIZATION_LEVEL = "-Onone";
			};
			name = Debug;
		};
		885FA678250D1FFD00475E31 /* Release */ = {
			isa = XCBuildConfiguration;
			buildSettings = {
				ALWAYS_SEARCH_USER_PATHS = NO;
				CLANG_ANALYZER_NONNULL = YES;
				CLANG_ANALYZER_NUMBER_OBJECT_CONVERSION = YES_AGGRESSIVE;
				CLANG_CXX_LANGUAGE_STANDARD = "gnu++14";
				CLANG_CXX_LIBRARY = "libc++";
				CLANG_ENABLE_MODULES = YES;
				CLANG_ENABLE_OBJC_ARC = YES;
				CLANG_ENABLE_OBJC_WEAK = YES;
				CLANG_WARN_BLOCK_CAPTURE_AUTORELEASING = YES;
				CLANG_WARN_BOOL_CONVERSION = YES;
				CLANG_WARN_COMMA = YES;
				CLANG_WARN_CONSTANT_CONVERSION = YES;
				CLANG_WARN_DEPRECATED_OBJC_IMPLEMENTATIONS = YES;
				CLANG_WARN_DIRECT_OBJC_ISA_USAGE = YES_ERROR;
				CLANG_WARN_DOCUMENTATION_COMMENTS = YES;
				CLANG_WARN_EMPTY_BODY = YES;
				CLANG_WARN_ENUM_CONVERSION = YES;
				CLANG_WARN_INFINITE_RECURSION = YES;
				CLANG_WARN_INT_CONVERSION = YES;
				CLANG_WARN_NON_LITERAL_NULL_CONVERSION = YES;
				CLANG_WARN_OBJC_IMPLICIT_RETAIN_SELF = YES;
				CLANG_WARN_OBJC_LITERAL_CONVERSION = YES;
				CLANG_WARN_OBJC_ROOT_CLASS = YES_ERROR;
				CLANG_WARN_RANGE_LOOP_ANALYSIS = YES;
				CLANG_WARN_STRICT_PROTOTYPES = YES;
				CLANG_WARN_SUSPICIOUS_MOVE = YES;
				CLANG_WARN_UNGUARDED_AVAILABILITY = YES_AGGRESSIVE;
				CLANG_WARN_UNREACHABLE_CODE = YES;
				CLANG_WARN__DUPLICATE_METHOD_MATCH = YES;
				COPY_PHASE_STRIP = NO;
				DEBUG_INFORMATION_FORMAT = "dwarf-with-dsym";
				ENABLE_NS_ASSERTIONS = NO;
				ENABLE_STRICT_OBJC_MSGSEND = YES;
				GCC_C_LANGUAGE_STANDARD = gnu11;
				GCC_NO_COMMON_BLOCKS = YES;
				GCC_WARN_64_TO_32_BIT_CONVERSION = YES;
				GCC_WARN_ABOUT_RETURN_TYPE = YES_ERROR;
				GCC_WARN_UNDECLARED_SELECTOR = YES;
				GCC_WARN_UNINITIALIZED_AUTOS = YES_AGGRESSIVE;
				GCC_WARN_UNUSED_FUNCTION = YES;
				GCC_WARN_UNUSED_VARIABLE = YES;
				IPHONEOS_DEPLOYMENT_TARGET = 13.7;
				MTL_ENABLE_DEBUG_INFO = NO;
				MTL_FAST_MATH = YES;
				SDKROOT = iphoneos;
				SWIFT_COMPILATION_MODE = wholemodule;
				SWIFT_OPTIMIZATION_LEVEL = "-O";
				VALIDATE_PRODUCT = YES;
			};
			name = Release;
		};
		885FA67A250D1FFD00475E31 /* Debug */ = {
			isa = XCBuildConfiguration;
			buildSettings = {
				ASSETCATALOG_COMPILER_APPICON_NAME = AppIcon;
				CODE_SIGN_STYLE = Automatic;
				DEVELOPMENT_ASSET_PATHS = "\"searchWork/Preview Content\"";
				DEVELOPMENT_TEAM = H3XGJHR3L7;
				ENABLE_PREVIEWS = YES;
				INFOPLIST_FILE = searchWork/Info.plist;
				LD_RUNPATH_SEARCH_PATHS = (
					"$(inherited)",
					"@executable_path/Frameworks",
				);
				PRODUCT_BUNDLE_IDENTIFIER = com.search.www.searchWork;
				PRODUCT_NAME = "$(TARGET_NAME)";
				SWIFT_VERSION = 5.0;
				TARGETED_DEVICE_FAMILY = "1,2";
			};
			name = Debug;
		};
		885FA67B250D1FFD00475E31 /* Release */ = {
			isa = XCBuildConfiguration;
			buildSettings = {
				ASSETCATALOG_COMPILER_APPICON_NAME = AppIcon;
				CODE_SIGN_STYLE = Automatic;
				DEVELOPMENT_ASSET_PATHS = "\"searchWork/Preview Content\"";
				DEVELOPMENT_TEAM = H3XGJHR3L7;
				ENABLE_PREVIEWS = YES;
				INFOPLIST_FILE = searchWork/Info.plist;
				LD_RUNPATH_SEARCH_PATHS = (
					"$(inherited)",
					"@executable_path/Frameworks",
				);
				PRODUCT_BUNDLE_IDENTIFIER = com.search.www.searchWork;
				PRODUCT_NAME = "$(TARGET_NAME)";
				SWIFT_VERSION = 5.0;
				TARGETED_DEVICE_FAMILY = "1,2";
			};
			name = Release;
		};
		885FA67D250D1FFD00475E31 /* Debug */ = {
			isa = XCBuildConfiguration;
			buildSettings = {
				ALWAYS_EMBED_SWIFT_STANDARD_LIBRARIES = YES;
				BUNDLE_LOADER = "$(TEST_HOST)";
				CODE_SIGN_STYLE = Automatic;
				DEVELOPMENT_TEAM = H3XGJHR3L7;
				INFOPLIST_FILE = searchWorkTests/Info.plist;
				IPHONEOS_DEPLOYMENT_TARGET = 13.7;
				LD_RUNPATH_SEARCH_PATHS = (
					"$(inherited)",
					"@executable_path/Frameworks",
					"@loader_path/Frameworks",
				);
				PRODUCT_BUNDLE_IDENTIFIER = com.search.www.searchWorkTests;
				PRODUCT_NAME = "$(TARGET_NAME)";
				SWIFT_VERSION = 5.0;
				TARGETED_DEVICE_FAMILY = "1,2";
				TEST_HOST = "$(BUILT_PRODUCTS_DIR)/searchWork.app/searchWork";
			};
			name = Debug;
		};
		885FA67E250D1FFD00475E31 /* Release */ = {
			isa = XCBuildConfiguration;
			buildSettings = {
				ALWAYS_EMBED_SWIFT_STANDARD_LIBRARIES = YES;
				BUNDLE_LOADER = "$(TEST_HOST)";
				CODE_SIGN_STYLE = Automatic;
				DEVELOPMENT_TEAM = H3XGJHR3L7;
				INFOPLIST_FILE = searchWorkTests/Info.plist;
				IPHONEOS_DEPLOYMENT_TARGET = 13.7;
				LD_RUNPATH_SEARCH_PATHS = (
					"$(inherited)",
					"@executable_path/Frameworks",
					"@loader_path/Frameworks",
				);
				PRODUCT_BUNDLE_IDENTIFIER = com.search.www.searchWorkTests;
				PRODUCT_NAME = "$(TARGET_NAME)";
				SWIFT_VERSION = 5.0;
				TARGETED_DEVICE_FAMILY = "1,2";
				TEST_HOST = "$(BUILT_PRODUCTS_DIR)/searchWork.app/searchWork";
			};
			name = Release;
		};
		885FA680250D1FFD00475E31 /* Debug */ = {
			isa = XCBuildConfiguration;
			buildSettings = {
				ALWAYS_EMBED_SWIFT_STANDARD_LIBRARIES = YES;
				CODE_SIGN_STYLE = Automatic;
				DEVELOPMENT_TEAM = H3XGJHR3L7;
				INFOPLIST_FILE = searchWorkUITests/Info.plist;
				LD_RUNPATH_SEARCH_PATHS = (
					"$(inherited)",
					"@executable_path/Frameworks",
					"@loader_path/Frameworks",
				);
				PRODUCT_BUNDLE_IDENTIFIER = com.search.www.searchWorkUITests;
				PRODUCT_NAME = "$(TARGET_NAME)";
				SWIFT_VERSION = 5.0;
				TARGETED_DEVICE_FAMILY = "1,2";
				TEST_TARGET_NAME = searchWork;
			};
			name = Debug;
		};
		885FA681250D1FFD00475E31 /* Release */ = {
			isa = XCBuildConfiguration;
			buildSettings = {
				ALWAYS_EMBED_SWIFT_STANDARD_LIBRARIES = YES;
				CODE_SIGN_STYLE = Automatic;
				DEVELOPMENT_TEAM = H3XGJHR3L7;
				INFOPLIST_FILE = searchWorkUITests/Info.plist;
				LD_RUNPATH_SEARCH_PATHS = (
					"$(inherited)",
					"@executable_path/Frameworks",
					"@loader_path/Frameworks",
				);
				PRODUCT_BUNDLE_IDENTIFIER = com.search.www.searchWorkUITests;
				PRODUCT_NAME = "$(TARGET_NAME)";
				SWIFT_VERSION = 5.0;
				TARGETED_DEVICE_FAMILY = "1,2";
				TEST_TARGET_NAME = searchWork;
			};
			name = Release;
		};
/* End XCBuildConfiguration section */

/* Begin XCConfigurationList section */
		885FA64A250D1FFB00475E31 /* Build configuration list for PBXProject "searchWork" */ = {
			isa = XCConfigurationList;
			buildConfigurations = (
				885FA677250D1FFD00475E31 /* Debug */,
				885FA678250D1FFD00475E31 /* Release */,
			);
			defaultConfigurationIsVisible = 0;
			defaultConfigurationName = Release;
		};
		885FA679250D1FFD00475E31 /* Build configuration list for PBXNativeTarget "searchWork" */ = {
			isa = XCConfigurationList;
			buildConfigurations = (
				885FA67A250D1FFD00475E31 /* Debug */,
				885FA67B250D1FFD00475E31 /* Release */,
			);
			defaultConfigurationIsVisible = 0;
			defaultConfigurationName = Release;
		};
		885FA67C250D1FFD00475E31 /* Build configuration list for PBXNativeTarget "searchWorkTests" */ = {
			isa = XCConfigurationList;
			buildConfigurations = (
				885FA67D250D1FFD00475E31 /* Debug */,
				885FA67E250D1FFD00475E31 /* Release */,
			);
			defaultConfigurationIsVisible = 0;
			defaultConfigurationName = Release;
		};
		885FA67F250D1FFD00475E31 /* Build configuration list for PBXNativeTarget "searchWorkUITests" */ = {
			isa = XCConfigurationList;
			buildConfigurations = (
				885FA680250D1FFD00475E31 /* Debug */,
				885FA681250D1FFD00475E31 /* Release */,
			);
			defaultConfigurationIsVisible = 0;
			defaultConfigurationName = Release;
		};
/* End XCConfigurationList section */
	};
	rootObject = 885FA647250D1FFB00475E31 /* Project object */;
}
